// !$*UTF8*$!
{
	archiveVersion = 1;
	classes = {
	};
	objectVersion = 46;
	objects = {

/* Begin PBXBuildFile section */
		3EE5C6791D2DE69D0026784D /* AppDelegate.swift in Sources */ = {isa = PBXBuildFile; fileRef = 3EE5C6781D2DE69D0026784D /* AppDelegate.swift */; };
		3EE5C67B1D2DE69D0026784D /* ViewController.swift in Sources */ = {isa = PBXBuildFile; fileRef = 3EE5C67A1D2DE69D0026784D /* ViewController.swift */; };
		3EE5C67E1D2DE69D0026784D /* Main.storyboard in Resources */ = {isa = PBXBuildFile; fileRef = 3EE5C67C1D2DE69D0026784D /* Main.storyboard */; };
		3EE5C6811D2DE69D0026784D /* userAuthParseFB.xcdatamodeld in Sources */ = {isa = PBXBuildFile; fileRef = 3EE5C67F1D2DE69D0026784D /* userAuthParseFB.xcdatamodeld */; };
		3EE5C6831D2DE69D0026784D /* Assets.xcassets in Resources */ = {isa = PBXBuildFile; fileRef = 3EE5C6821D2DE69D0026784D /* Assets.xcassets */; };
		3EE5C6861D2DE69D0026784D /* LaunchScreen.storyboard in Resources */ = {isa = PBXBuildFile; fileRef = 3EE5C6841D2DE69D0026784D /* LaunchScreen.storyboard */; };
/* End PBXBuildFile section */

/* Begin PBXFileReference section */
		3EE5C6751D2DE69D0026784D /* userAuthParseFB.app */ = {isa = PBXFileReference; explicitFileType = wrapper.application; includeInIndex = 0; path = userAuthParseFB.app; sourceTree = BUILT_PRODUCTS_DIR; };
		3EE5C6781D2DE69D0026784D /* AppDelegate.swift */ = {isa = PBXFileReference; lastKnownFileType = sourcecode.swift; path = AppDelegate.swift; sourceTree = "<group>"; };
		3EE5C67A1D2DE69D0026784D /* ViewController.swift */ = {isa = PBXFileReference; lastKnownFileType = sourcecode.swift; path = ViewController.swift; sourceTree = "<group>"; };
		3EE5C67D1D2DE69D0026784D /* Base */ = {isa = PBXFileReference; lastKnownFileType = file.storyboard; name = Base; path = Base.lproj/Main.storyboard; sourceTree = "<group>"; };
		3EE5C6801D2DE69D0026784D /* userAuthParseFB.xcdatamodel */ = {isa = PBXFileReference; lastKnownFileType = wrapper.xcdatamodel; path = userAuthParseFB.xcdatamodel; sourceTree = "<group>"; };
		3EE5C6821D2DE69D0026784D /* Assets.xcassets */ = {isa = PBXFileReference; lastKnownFileType = folder.assetcatalog; path = Assets.xcassets; sourceTree = "<group>"; };
		3EE5C6851D2DE69D0026784D /* Base */ = {isa = PBXFileReference; lastKnownFileType = file.storyboard; name = Base; path = Base.lproj/LaunchScreen.storyboard; sourceTree = "<group>"; };
		3EE5C6871D2DE69D0026784D /* Info.plist */ = {isa = PBXFileReference; lastKnownFileType = text.plist.xml; path = Info.plist; sourceTree = "<group>"; };
/* End PBXFileReference section */

/* Begin PBXFrameworksBuildPhase section */
		3EE5C6721D2DE69D0026784D /* Frameworks */ = {
			isa = PBXFrameworksBuildPhase;
			buildActionMask = 2147483647;
			files = (
			);
			runOnlyForDeploymentPostprocessing = 0;
		};
/* End PBXFrameworksBuildPhase section */

/* Begin PBXGroup section */
		3EE5C66C1D2DE69D0026784D = {
			isa = PBXGroup;
			children = (
				3EE5C6771D2DE69D0026784D /* userAuthParseFB */,
				3EE5C6761D2DE69D0026784D /* Products */,
			);
			sourceTree = "<group>";
		};
		3EE5C6761D2DE69D0026784D /* Products */ = {
			isa = PBXGroup;
			children = (
				3EE5C6751D2DE69D0026784D /* userAuthParseFB.app */,
			);
			name = Products;
			sourceTree = "<group>";
		};
		3EE5C6771D2DE69D0026784D /* userAuthParseFB */ = {
			isa = PBXGroup;
			children = (
				3EE5C6781D2DE69D0026784D /* AppDelegate.swift */,
				3EE5C67A1D2DE69D0026784D /* ViewController.swift */,
				3EE5C67C1D2DE69D0026784D /* Main.storyboard */,
				3EE5C6821D2DE69D0026784D /* Assets.xcassets */,
				3EE5C6841D2DE69D0026784D /* LaunchScreen.storyboard */,
				3EE5C6871D2DE69D0026784D /* Info.plist */,
				3EE5C67F1D2DE69D0026784D /* userAuthParseFB.xcdatamodeld */,
			);
			path = userAuthParseFB;
			sourceTree = "<group>";
		};
/* End PBXGroup section */

/* Begin PBXNativeTarget section */
		3EE5C6741D2DE69D0026784D /* userAuthParseFB */ = {
			isa = PBXNativeTarget;
			buildConfigurationList = 3EE5C68A1D2DE69D0026784D /* Build configuration list for PBXNativeTarget "userAuthParseFB" */;
			buildPhases = (
				3EE5C6711D2DE69D0026784D /* Sources */,
				3EE5C6721D2DE69D0026784D /* Frameworks */,
				3EE5C6731D2DE69D0026784D /* Resources */,
			);
			buildRules = (
			);
			dependencies = (
			);
			name = userAuthParseFB;
			productName = userAuthParseFB;
			productReference = 3EE5C6751D2DE69D0026784D /* userAuthParseFB.app */;
			productType = "com.apple.product-type.application";
		};
/* End PBXNativeTarget section */

/* Begin PBXProject section */
		3EE5C66D1D2DE69D0026784D /* Project object */ = {
			isa = PBXProject;
			attributes = {
				LastSwiftUpdateCheck = 0730;
				LastUpgradeCheck = 0730;
				ORGANIZATIONNAME = "George Gogarten";
				TargetAttributes = {
					3EE5C6741D2DE69D0026784D = {
						CreatedOnToolsVersion = 7.3;
						DevelopmentTeam = C8G9U4K76Y;
					};
				};
			};
			buildConfigurationList = 3EE5C6701D2DE69D0026784D /* Build configuration list for PBXProject "userAuthParseFB" */;
			compatibilityVersion = "Xcode 3.2";
			developmentRegion = English;
			hasScannedForEncodings = 0;
			knownRegions = (
				en,
				Base,
			);
			mainGroup = 3EE5C66C1D2DE69D0026784D;
			productRefGroup = 3EE5C6761D2DE69D0026784D /* Products */;
			projectDirPath = "";
			projectRoot = "";
			targets = (
				3EE5C6741D2DE69D0026784D /* userAuthParseFB */,
			);
		};
/* End PBXProject section */

/* Begin PBXResourcesBuildPhase section */
		3EE5C6731D2DE69D0026784D /* Resources */ = {
			isa = PBXResourcesBuildPhase;
			buildActionMask = 2147483647;
			files = (
				3EE5C6861D2DE69D0026784D /* LaunchScreen.storyboard in Resources */,
				3EE5C6831D2DE69D0026784D /* Assets.xcassets in Resources */,
				3EE5C67E1D2DE69D0026784D /* Main.storyboard in Resources */,
			);
			runOnlyForDeploymentPostprocessing = 0;
		};
/* End PBXResourcesBuildPhase section */

/* Begin PBXSourcesBuildPhase section */
		3EE5C6711D2DE69D0026784D /* Sources */ = {
			isa = PBXSourcesBuildPhase;
			buildActionMask = 2147483647;
			files = (
				3EE5C6811D2DE69D0026784D /* userAuthParseFB.xcdatamodeld in Sources */,
				3EE5C67B1D2DE69D0026784D /* ViewController.swift in Sources */,
				3EE5C6791D2DE69D0026784D /* AppDelegate.swift in Sources */,
			);
			runOnlyForDeploymentPostprocessing = 0;
		};
/* End PBXSourcesBuildPhase section */

/* Begin PBXVariantGroup section */
		3EE5C67C1D2DE69D0026784D /* Main.storyboard */ = {
			isa = PBXVariantGroup;
			children = (
				3EE5C67D1D2DE69D0026784D /* Base */,
			);
			name = Main.storyboard;
			sourceTree = "<group>";
		};
		3EE5C6841D2DE69D0026784D /* LaunchScreen.storyboard */ = {
			isa = PBXVariantGroup;
			children = (
				3EE5C6851D2DE69D0026784D /* Base */,
			);
			name = LaunchScreen.storyboard;
			sourceTree = "<group>";
		};
/* End PBXVariantGroup section */

/* Begin XCBuildConfiguration section */
		3EE5C6881D2DE69D0026784D /* Debug */ = {
			isa = XCBuildConfiguration;
			buildSettings = {
				ALWAYS_SEARCH_USER_PATHS = NO;
				CLANG_ANALYZER_NONNULL = YES;
				CLANG_CXX_LANGUAGE_STANDARD = "gnu++0x";
				CLANG_CXX_LIBRARY = "libc++";
				CLANG_ENABLE_MODULES = YES;
				CLANG_ENABLE_OBJC_ARC = YES;
				CLANG_WARN_BOOL_CONVERSION = YES;
				CLANG_WARN_CONSTANT_CONVERSION = YES;
				CLANG_WARN_DIRECT_OBJC_ISA_USAGE = YES_ERROR;
				CLANG_WARN_EMPTY_BODY = YES;
				CLANG_WARN_ENUM_CONVERSION = YES;
				CLANG_WARN_INT_CONVERSION = YES;
				CLANG_WARN_OBJC_ROOT_CLASS = YES_ERROR;
				CLANG_WARN_UNREACHABLE_CODE = YES;
				CLANG_WARN__DUPLICATE_METHOD_MATCH = YES;
				"CODE_SIGN_IDENTITY[sdk=iphoneos*]" = "iPhone Developer";
				COPY_PHASE_STRIP = NO;
				DEBUG_INFORMATION_FORMAT = dwarf;
				ENABLE_STRICT_OBJC_MSGSEND = YES;
				ENABLE_TESTABILITY = YES;
				GCC_C_LANGUAGE_STANDARD = gnu99;
				GCC_DYNAMIC_NO_PIC = NO;
				GCC_NO_COMMON_BLOCKS = YES;
				GCC_OPTIMIZATION_LEVEL = 0;
				GCC_PREPROCESSOR_DEFINITIONS = (
					"DEBUG=1",
					"$(inherited)",
				);
				GCC_WARN_64_TO_32_BIT_CONVERSION = YES;
				GCC_WARN_ABOUT_RETURN_TYPE = YES_ERROR;
				GCC_WARN_UNDECLARED_SELECTOR = YES;
				GCC_WARN_UNINITIALIZED_AUTOS = YES_AGGRESSIVE;
				GCC_WARN_UNUSED_FUNCTION = YES;
				GCC_WARN_UNUSED_VARIABLE = YES;
				IPHONEOS_DEPLOYMENT_TARGET = 9.3;
				MTL_ENABLE_DEBUG_INFO = YES;
				ONLY_ACTIVE_ARCH = YES;
				SDKROOT = iphoneos;
				SWIFT_OPTIMIZATION_LEVEL = "-Onone";
			};
			name = Debug;
		};
		3EE5C6891D2DE69D0026784D /* Release */ = {
			isa = XCBuildConfiguration;
			buildSettings = {
				ALWAYS_SEARCH_USER_PATHS = NO;
				CLANG_ANALYZER_NONNULL = YES;
				CLANG_CXX_LANGUAGE_STANDARD = "gnu++0x";
				CLANG_CXX_LIBRARY = "libc++";
				CLANG_ENABLE_MODULES = YES;
				CLANG_ENABLE_OBJC_ARC = YES;
				CLANG_WARN_BOOL_CONVERSION = YES;
				CLANG_WARN_CONSTANT_CONVERSION = YES;
				CLANG_WARN_DIRECT_OBJC_ISA_USAGE = YES_ERROR;
				CLANG_WARN_EMPTY_BODY = YES;
				CLANG_WARN_ENUM_CONVERSION = YES;
				CLANG_WARN_INT_CONVERSION = YES;
				CLANG_WARN_OBJC_ROOT_CLASS = YES_ERROR;
				CLANG_WARN_UNREACHABLE_CODE = YES;
				CLANG_WARN__DUPLICATE_METHOD_MATCH = YES;
				"CODE_SIGN_IDENTITY[sdk=iphoneos*]" = "iPhone Developer";
				COPY_PHASE_STRIP = NO;
				DEBUG_INFORMATION_FORMAT = "dwarf-with-dsym";
				ENABLE_NS_ASSERTIONS = NO;
				ENABLE_STRICT_OBJC_MSGSEND = YES;
				GCC_C_LANGUAGE_STANDARD = gnu99;
				GCC_NO_COMMON_BLOCKS = YES;
				GCC_WARN_64_TO_32_BIT_CONVERSION = YES;
				GCC_WARN_ABOUT_RETURN_TYPE = YES_ERROR;
				GCC_WARN_UNDECLARED_SELECTOR = YES;
				GCC_WARN_UNINITIALIZED_AUTOS = YES_AGGRESSIVE;
				GCC_WARN_UNUSED_FUNCTION = YES;
				GCC_WARN_UNUSED_VARIABLE = YES;
				IPHONEOS_DEPLOYMENT_TARGET = 9.3;
				MTL_ENABLE_DEBUG_INFO = NO;
				SDKROOT = iphoneos;
				VALIDATE_PRODUCT = YES;
			};
			name = Release;
		};
		3EE5C68B1D2DE69D0026784D /* Debug */ = {
			isa = XCBuildConfiguration;
			buildSettings = {
				ASSETCATALOG_COMPILER_APPICON_NAME = AppIcon;
				INFOPLIST_FILE = userAuthParseFB/Info.plist;
				LD_RUNPATH_SEARCH_PATHS = "$(inherited) @executable_path/Frameworks";
				PRODUCT_BUNDLE_IDENTIFIER = com.gogarten.userAuthParseFB;
				PRODUCT_NAME = "$(TARGET_NAME)";
			};
			name = Debug;
		};
		3EE5C68C1D2DE69D0026784D /* Release */ = {
			isa = XCBuildConfiguration;
			buildSettings = {
				ASSETCATALOG_COMPILER_APPICON_NAME = AppIcon;
				INFOPLIST_FILE = userAuthParseFB/Info.plist;
				LD_RUNPATH_SEARCH_PATHS = "$(inherited) @executable_path/Frameworks";
				PRODUCT_BUNDLE_IDENTIFIER = com.gogarten.userAuthParseFB;
				PRODUCT_NAME = "$(TARGET_NAME)";
			};
			name = Release;
		};
/* End XCBuildConfiguration section */

/* Begin XCConfigurationList section */
		3EE5C6701D2DE69D0026784D /* Build configuration list for PBXProject "userAuthParseFB" */ = {
			isa = XCConfigurationList;
			buildConfigurations = (
				3EE5C6881D2DE69D0026784D /* Debug */,
				3EE5C6891D2DE69D0026784D /* Release */,
			);
			defaultConfigurationIsVisible = 0;
			defaultConfigurationName = Release;
		};
		3EE5C68A1D2DE69D0026784D /* Build configuration list for PBXNativeTarget "userAuthParseFB" */ = {
			isa = XCConfigurationList;
			buildConfigurations = (
				3EE5C68B1D2DE69D0026784D /* Debug */,
				3EE5C68C1D2DE69D0026784D /* Release */,
			);
			defaultConfigurationIsVisible = 0;
		};
/* End XCConfigurationList section */

/* Begin XCVersionGroup section */
		3EE5C67F1D2DE69D0026784D /* userAuthParseFB.xcdatamodeld */ = {
			isa = XCVersionGroup;
			children = (
				3EE5C6801D2DE69D0026784D /* userAuthParseFB.xcdatamodel */,
			);
			currentVersion = 3EE5C6801D2DE69D0026784D /* userAuthParseFB.xcdatamodel */;
			path = userAuthParseFB.xcdatamodeld;
			sourceTree = "<group>";
			versionGroupType = wrapper.xcdatamodel;
		};
/* End XCVersionGroup section */
	};
	rootObject = 3EE5C66D1D2DE69D0026784D /* Project object */;
}
